
Microsoft Visual Studio Solution File, Format Version 12.00
# Visual Studio Version 16
VisualStudioVersion = 16.0.30114.105
MinimumVisualStudioVersion = 10.0.40219.1
Project("{FAE04EC0-301F-11D3-BF4B-00C04F79EFBC}") = "MyFirstDotNetCoreDemo", "MyFirstDotNetCoreDemo\MyFirstDotNetCoreDemo.csproj", "{81F01E89-011A-4899-87AD-9ECCF93A2CED}"
EndProject
Global
	GlobalSection(SolutionConfigurationPlatforms) = preSolution
		Debug|Any CPU = Debug|Any CPU
		Release|Any CPU = Release|Any CPU
	EndGlobalSection
	GlobalSection(ProjectConfigurationPlatforms) = postSolution
		{81F01E89-011A-4899-87AD-9ECCF93A2CED}.Debug|Any CPU.ActiveCfg = Debug|Any CPU
		{81F01E89-011A-4899-87AD-9ECCF93A2CED}.Debug|Any CPU.Build.0 = Debug|Any CPU
		{81F01E89-011A-4899-87AD-9ECCF93A2CED}.Release|Any CPU.ActiveCfg = Release|Any CPU
		{81F01E89-011A-4899-87AD-9ECCF93A2CED}.Release|Any CPU.Build.0 = Release|Any CPU
	EndGlobalSection
	GlobalSection(SolutionProperties) = preSolution
		HideSolutionNode = FALSE
	EndGlobalSection
	GlobalSection(ExtensibilityGlobals) = postSolution
		SolutionGuid = {EF0FCC3B-8BC1-4FB0-94E7-DC0B94B47809}
	EndGlobalSection
EndGlobal
